// !$*UTF8*$!
{
	archiveVersion = 1;
	classes = {
	};
	objectVersion = 50;
	objects = {

/* Begin PBXBuildFile section */
		4E3453EE2208415F007DAC66 /* FloatingPanel.framework in Frameworks */ = {isa = PBXBuildFile; fileRef = 4E3453ED2208415E007DAC66 /* FloatingPanel.framework */; };
		4E3453F0220843B3007DAC66 /* SemiModalViewController.swift in Sources */ = {isa = PBXBuildFile; fileRef = 4E3453EF220843B3007DAC66 /* SemiModalViewController.swift */; };
		4E3453F222084425007DAC66 /* SemiModal.storyboard in Resources */ = {isa = PBXBuildFile; fileRef = 4E3453F122084425007DAC66 /* SemiModal.storyboard */; };
		4E5C52FA220C2B9600FABADB /* SemiModalTableViewCell.swift in Sources */ = {isa = PBXBuildFile; fileRef = 4E5C52F8220C2B9600FABADB /* SemiModalTableViewCell.swift */; };
		4E5C52FB220C2B9600FABADB /* SemiModalTableViewCell.xib in Resources */ = {isa = PBXBuildFile; fileRef = 4E5C52F9220C2B9600FABADB /* SemiModalTableViewCell.xib */; };
		4E5C52FD220D21D700FABADB /* RealmMigrator.swift in Sources */ = {isa = PBXBuildFile; fileRef = 4E5C52FC220D21D700FABADB /* RealmMigrator.swift */; };
		4E5C52FF220D225800FABADB /* RealmModel.swift in Sources */ = {isa = PBXBuildFile; fileRef = 4E5C52FE220D225800FABADB /* RealmModel.swift */; };
		4EBA460D22041BF800AB71B1 /* PromoteView.xib in Resources */ = {isa = PBXBuildFile; fileRef = 4EBA460C22041BF800AB71B1 /* PromoteView.xib */; };
		4EBA460F22041C1B00AB71B1 /* PromoteView.swift in Sources */ = {isa = PBXBuildFile; fileRef = 4EBA460E22041C1B00AB71B1 /* PromoteView.swift */; };
		4EBA46132204305C00AB71B1 /* Const.swift in Sources */ = {isa = PBXBuildFile; fileRef = 4EBA46122204305C00AB71B1 /* Const.swift */; };
		4ECCBE8A2202D78F0045CE1D /* Localizable.strings in Resources */ = {isa = PBXBuildFile; fileRef = 4ECCBE892202D78F0045CE1D /* Localizable.strings */; };
		4ECCBEA12202D99D0045CE1D /* StoryboardScenes.swift in Sources */ = {isa = PBXBuildFile; fileRef = 4ECCBE9D2202D99D0045CE1D /* StoryboardScenes.swift */; };
		4ECCBEA22202D99D0045CE1D /* StoryboardSegues.swift in Sources */ = {isa = PBXBuildFile; fileRef = 4ECCBE9E2202D99D0045CE1D /* StoryboardSegues.swift */; };
		4ECCBEA32202D99D0045CE1D /* LocalizableStrings.swift in Sources */ = {isa = PBXBuildFile; fileRef = 4ECCBE9F2202D99D0045CE1D /* LocalizableStrings.swift */; };
		4ECCBEA42202D99D0045CE1D /* Assets.swift in Sources */ = {isa = PBXBuildFile; fileRef = 4ECCBEA02202D99D0045CE1D /* Assets.swift */; };
		4ECCBEA82202DA0C0045CE1D /* RxSwift.framework in Frameworks */ = {isa = PBXBuildFile; fileRef = 4ECCBEA52202DA0C0045CE1D /* RxSwift.framework */; };
		4ECCBEA92202DA0C0045CE1D /* SnapKit.framework in Frameworks */ = {isa = PBXBuildFile; fileRef = 4ECCBEA62202DA0C0045CE1D /* SnapKit.framework */; };
		4ECCBEAA2202DA0C0045CE1D /* RxCocoa.framework in Frameworks */ = {isa = PBXBuildFile; fileRef = 4ECCBEA72202DA0C0045CE1D /* RxCocoa.framework */; };
		4ECCBEAD2202DB0D0045CE1D /* RxBlocking.framework in Frameworks */ = {isa = PBXBuildFile; fileRef = 4ECCBEAC2202DB0D0045CE1D /* RxBlocking.framework */; };
		4ECCBEAF2202DB4F0045CE1D /* RxAtomic.framework in Frameworks */ = {isa = PBXBuildFile; fileRef = 4ECCBEAE2202DB4E0045CE1D /* RxAtomic.framework */; };
		4ECCBEB22202FF2F0045CE1D /* CoreLocation.framework in Frameworks */ = {isa = PBXBuildFile; fileRef = 4ECCBEB12202FF2F0045CE1D /* CoreLocation.framework */; };
		4EE4579622094C6A0017B9BF /* RegisterViewController.swift in Sources */ = {isa = PBXBuildFile; fileRef = 4EE4579522094C6A0017B9BF /* RegisterViewController.swift */; };
		4EE4579A220966480017B9BF /* Register.storyboard in Resources */ = {isa = PBXBuildFile; fileRef = 4EE45799220966480017B9BF /* Register.storyboard */; };
		4EE4579E220973040017B9BF /* GoogleService-Info.plist in Resources */ = {isa = PBXBuildFile; fileRef = 4EE4579D220973040017B9BF /* GoogleService-Info.plist */; };
		4EF598102202AEE500B84379 /* AppDelegate.swift in Sources */ = {isa = PBXBuildFile; fileRef = 4EF5980F2202AEE500B84379 /* AppDelegate.swift */; };
		4EF598122202AEE500B84379 /* MapViewController.swift in Sources */ = {isa = PBXBuildFile; fileRef = 4EF598112202AEE500B84379 /* MapViewController.swift */; };
		4EF598152202AEE500B84379 /* Main.storyboard in Resources */ = {isa = PBXBuildFile; fileRef = 4EF598132202AEE500B84379 /* Main.storyboard */; };
		4EF598172202AEE700B84379 /* add 4.00.49.png in Resources */ = {isa = PBXBuildFile; fileRef = 4EF598162202AEE700B84379 /* add 4.00.49.png */; };
		4EF5981A2202AEE700B84379 /* LaunchScreen.storyboard in Resources */ = {isa = PBXBuildFile; fileRef = 4EF598182202AEE700B84379 /* LaunchScreen.storyboard */; };
		69C4786813AC9AE25A5F291E /* Pods_RecordMap.framework in Frameworks */ = {isa = PBXBuildFile; fileRef = 5725DAE8C820FEE1556625DF /* Pods_RecordMap.framework */; };
		A0101C64220B348B003FAF55 /* LocationModel.swift in Sources */ = {isa = PBXBuildFile; fileRef = A0101C63220B348B003FAF55 /* LocationModel.swift */; };
		A0101C67220B4160003FAF55 /* RealmExtension.swift in Sources */ = {isa = PBXBuildFile; fileRef = A0101C66220B4160003FAF55 /* RealmExtension.swift */; };
		A01C0A79220F5FBA00C46D79 /* SemiModalTableViewHeader.swift in Sources */ = {isa = PBXBuildFile; fileRef = A01C0A78220F5FBA00C46D79 /* SemiModalTableViewHeader.swift */; };
		A01C0A7B220F5FCF00C46D79 /* SemiModalTableViewHeader.xib in Resources */ = {isa = PBXBuildFile; fileRef = A01C0A7A220F5FCF00C46D79 /* SemiModalTableViewHeader.xib */; };
		A0D1DDD6220B2A1100217344 /* RealmSwift.framework in Frameworks */ = {isa = PBXBuildFile; fileRef = A0D1DDD4220B2A1100217344 /* RealmSwift.framework */; };
		A0D1DDD7220B2A1100217344 /* Realm.framework in Frameworks */ = {isa = PBXBuildFile; fileRef = A0D1DDD5220B2A1100217344 /* Realm.framework */; };
/* End PBXBuildFile section */

/* Begin PBXFileReference section */
		35F10D0B8831DE68D3375DE9 /* Pods-RecordMap.debug.xcconfig */ = {isa = PBXFileReference; includeInIndex = 1; lastKnownFileType = text.xcconfig; name = "Pods-RecordMap.debug.xcconfig"; path = "Pods/Target Support Files/Pods-RecordMap/Pods-RecordMap.debug.xcconfig"; sourceTree = "<group>"; };
		4E3453ED2208415E007DAC66 /* FloatingPanel.framework */ = {isa = PBXFileReference; lastKnownFileType = wrapper.framework; name = FloatingPanel.framework; path = Carthage/Build/iOS/FloatingPanel.framework; sourceTree = "<group>"; };
		4E3453EF220843B3007DAC66 /* SemiModalViewController.swift */ = {isa = PBXFileReference; lastKnownFileType = sourcecode.swift; path = SemiModalViewController.swift; sourceTree = "<group>"; };
		4E3453F122084425007DAC66 /* SemiModal.storyboard */ = {isa = PBXFileReference; lastKnownFileType = file.storyboard; path = SemiModal.storyboard; sourceTree = "<group>"; };
		4E5C52F8220C2B9600FABADB /* SemiModalTableViewCell.swift */ = {isa = PBXFileReference; lastKnownFileType = sourcecode.swift; path = SemiModalTableViewCell.swift; sourceTree = "<group>"; };
		4E5C52F9220C2B9600FABADB /* SemiModalTableViewCell.xib */ = {isa = PBXFileReference; lastKnownFileType = file.xib; path = SemiModalTableViewCell.xib; sourceTree = "<group>"; };
		4E5C52FC220D21D700FABADB /* RealmMigrator.swift */ = {isa = PBXFileReference; lastKnownFileType = sourcecode.swift; path = RealmMigrator.swift; sourceTree = "<group>"; };
		4E5C52FE220D225800FABADB /* RealmModel.swift */ = {isa = PBXFileReference; lastKnownFileType = sourcecode.swift; path = RealmModel.swift; sourceTree = "<group>"; };
		4EBA460C22041BF800AB71B1 /* PromoteView.xib */ = {isa = PBXFileReference; lastKnownFileType = file.xib; path = PromoteView.xib; sourceTree = "<group>"; };
		4EBA460E22041C1B00AB71B1 /* PromoteView.swift */ = {isa = PBXFileReference; lastKnownFileType = sourcecode.swift; name = PromoteView.swift; path = /Users/user/github/RecordMap/RecordMap/View/PromoteView.swift; sourceTree = "<absolute>"; };
		4EBA46122204305C00AB71B1 /* Const.swift */ = {isa = PBXFileReference; lastKnownFileType = sourcecode.swift; path = Const.swift; sourceTree = "<group>"; };
		4ECCBE892202D78F0045CE1D /* Localizable.strings */ = {isa = PBXFileReference; fileEncoding = 4; lastKnownFileType = text.plist.strings; path = Localizable.strings; sourceTree = "<group>"; };
		4ECCBE9D2202D99D0045CE1D /* StoryboardScenes.swift */ = {isa = PBXFileReference; fileEncoding = 4; lastKnownFileType = sourcecode.swift; name = StoryboardScenes.swift; path = RecordMap/Utils/Generated/StoryboardScenes.swift; sourceTree = SOURCE_ROOT; };
		4ECCBE9E2202D99D0045CE1D /* StoryboardSegues.swift */ = {isa = PBXFileReference; fileEncoding = 4; lastKnownFileType = sourcecode.swift; name = StoryboardSegues.swift; path = RecordMap/Utils/Generated/StoryboardSegues.swift; sourceTree = SOURCE_ROOT; };
		4ECCBE9F2202D99D0045CE1D /* LocalizableStrings.swift */ = {isa = PBXFileReference; fileEncoding = 4; lastKnownFileType = sourcecode.swift; name = LocalizableStrings.swift; path = RecordMap/Utils/Generated/LocalizableStrings.swift; sourceTree = SOURCE_ROOT; };
		4ECCBEA02202D99D0045CE1D /* Assets.swift */ = {isa = PBXFileReference; fileEncoding = 4; lastKnownFileType = sourcecode.swift; name = Assets.swift; path = RecordMap/Utils/Generated/Assets.swift; sourceTree = SOURCE_ROOT; };
		4ECCBEA52202DA0C0045CE1D /* RxSwift.framework */ = {isa = PBXFileReference; lastKnownFileType = wrapper.framework; name = RxSwift.framework; path = Carthage/Build/iOS/RxSwift.framework; sourceTree = "<group>"; };
		4ECCBEA62202DA0C0045CE1D /* SnapKit.framework */ = {isa = PBXFileReference; lastKnownFileType = wrapper.framework; name = SnapKit.framework; path = Carthage/Build/iOS/SnapKit.framework; sourceTree = "<group>"; };
		4ECCBEA72202DA0C0045CE1D /* RxCocoa.framework */ = {isa = PBXFileReference; lastKnownFileType = wrapper.framework; name = RxCocoa.framework; path = Carthage/Build/iOS/RxCocoa.framework; sourceTree = "<group>"; };
		4ECCBEAC2202DB0D0045CE1D /* RxBlocking.framework */ = {isa = PBXFileReference; lastKnownFileType = wrapper.framework; name = RxBlocking.framework; path = Carthage/Build/iOS/RxBlocking.framework; sourceTree = "<group>"; };
		4ECCBEAE2202DB4E0045CE1D /* RxAtomic.framework */ = {isa = PBXFileReference; lastKnownFileType = wrapper.framework; name = RxAtomic.framework; path = Carthage/Build/iOS/RxAtomic.framework; sourceTree = "<group>"; };
		4ECCBEB12202FF2F0045CE1D /* CoreLocation.framework */ = {isa = PBXFileReference; lastKnownFileType = wrapper.framework; name = CoreLocation.framework; path = System/Library/Frameworks/CoreLocation.framework; sourceTree = SDKROOT; };
		4EE4579522094C6A0017B9BF /* RegisterViewController.swift */ = {isa = PBXFileReference; lastKnownFileType = sourcecode.swift; path = RegisterViewController.swift; sourceTree = "<group>"; };
		4EE45799220966480017B9BF /* Register.storyboard */ = {isa = PBXFileReference; lastKnownFileType = file.storyboard; path = Register.storyboard; sourceTree = "<group>"; };
		4EE4579D220973040017B9BF /* GoogleService-Info.plist */ = {isa = PBXFileReference; fileEncoding = 4; lastKnownFileType = text.plist.xml; path = "GoogleService-Info.plist"; sourceTree = "<group>"; };
		4EF5980C2202AEE500B84379 /* RecordMap.app */ = {isa = PBXFileReference; explicitFileType = wrapper.application; includeInIndex = 0; path = RecordMap.app; sourceTree = BUILT_PRODUCTS_DIR; };
		4EF5980F2202AEE500B84379 /* AppDelegate.swift */ = {isa = PBXFileReference; lastKnownFileType = sourcecode.swift; path = AppDelegate.swift; sourceTree = "<group>"; };
		4EF598112202AEE500B84379 /* MapViewController.swift */ = {isa = PBXFileReference; lastKnownFileType = sourcecode.swift; path = MapViewController.swift; sourceTree = "<group>"; };
		4EF598142202AEE500B84379 /* Base */ = {isa = PBXFileReference; lastKnownFileType = file.storyboard; name = Base; path = Base.lproj/Main.storyboard; sourceTree = "<group>"; };
		4EF598162202AEE700B84379 /* add 4.00.49.png */ = {isa = PBXFileReference; lastKnownFileType = image.png; name = "add 4.00.49.png"; path = "Assets.xcassets/Common/add .imageset/add 4.00.49.png"; sourceTree = "<group>"; };
		4EF598192202AEE700B84379 /* Base */ = {isa = PBXFileReference; lastKnownFileType = file.storyboard; name = Base; path = Base.lproj/LaunchScreen.storyboard; sourceTree = "<group>"; };
		4EF5981B2202AEE700B84379 /* Info.plist */ = {isa = PBXFileReference; lastKnownFileType = text.plist.xml; path = Info.plist; sourceTree = "<group>"; };
		5725DAE8C820FEE1556625DF /* Pods_RecordMap.framework */ = {isa = PBXFileReference; explicitFileType = wrapper.framework; includeInIndex = 0; path = Pods_RecordMap.framework; sourceTree = BUILT_PRODUCTS_DIR; };
		8E0C960EE10EFB43F93BE94F /* Pods-RecordMapUITests.release.xcconfig */ = {isa = PBXFileReference; includeInIndex = 1; lastKnownFileType = text.xcconfig; name = "Pods-RecordMapUITests.release.xcconfig"; path = "Pods/Target Support Files/Pods-RecordMapUITests/Pods-RecordMapUITests.release.xcconfig"; sourceTree = "<group>"; };
		A0101C63220B348B003FAF55 /* LocationModel.swift */ = {isa = PBXFileReference; lastKnownFileType = sourcecode.swift; path = LocationModel.swift; sourceTree = "<group>"; };
		A0101C66220B4160003FAF55 /* RealmExtension.swift */ = {isa = PBXFileReference; lastKnownFileType = sourcecode.swift; path = RealmExtension.swift; sourceTree = "<group>"; };
		A01C0A78220F5FBA00C46D79 /* SemiModalTableViewHeader.swift */ = {isa = PBXFileReference; fileEncoding = 4; lastKnownFileType = sourcecode.swift; path = SemiModalTableViewHeader.swift; sourceTree = "<group>"; };
		A01C0A7A220F5FCF00C46D79 /* SemiModalTableViewHeader.xib */ = {isa = PBXFileReference; fileEncoding = 4; lastKnownFileType = file.xib; path = SemiModalTableViewHeader.xib; sourceTree = "<group>"; };
		A0D1DDD4220B2A1100217344 /* RealmSwift.framework */ = {isa = PBXFileReference; lastKnownFileType = wrapper.framework; name = RealmSwift.framework; path = Carthage/Build/iOS/RealmSwift.framework; sourceTree = "<group>"; };
		A0D1DDD5220B2A1100217344 /* Realm.framework */ = {isa = PBXFileReference; lastKnownFileType = wrapper.framework; name = Realm.framework; path = Carthage/Build/iOS/Realm.framework; sourceTree = "<group>"; };
		A6F6E55776D05D6AB14FE104 /* Pods_RecordMapUITests.framework */ = {isa = PBXFileReference; explicitFileType = wrapper.framework; includeInIndex = 0; path = Pods_RecordMapUITests.framework; sourceTree = BUILT_PRODUCTS_DIR; };
		B5275EC97E9E518CCE76C1DB /* Pods-RecordMapTests.release.xcconfig */ = {isa = PBXFileReference; includeInIndex = 1; lastKnownFileType = text.xcconfig; name = "Pods-RecordMapTests.release.xcconfig"; path = "Pods/Target Support Files/Pods-RecordMapTests/Pods-RecordMapTests.release.xcconfig"; sourceTree = "<group>"; };
		CDA09C7F70FCA5E02B943640 /* Pods-RecordMap.release.xcconfig */ = {isa = PBXFileReference; includeInIndex = 1; lastKnownFileType = text.xcconfig; name = "Pods-RecordMap.release.xcconfig"; path = "Pods/Target Support Files/Pods-RecordMap/Pods-RecordMap.release.xcconfig"; sourceTree = "<group>"; };
		E14BEF85AD4893A034AB1A66 /* Pods-RecordMapUITests.debug.xcconfig */ = {isa = PBXFileReference; includeInIndex = 1; lastKnownFileType = text.xcconfig; name = "Pods-RecordMapUITests.debug.xcconfig"; path = "Pods/Target Support Files/Pods-RecordMapUITests/Pods-RecordMapUITests.debug.xcconfig"; sourceTree = "<group>"; };
		E590D7435D935D883DECC4FD /* Pods_RecordMapTests.framework */ = {isa = PBXFileReference; explicitFileType = wrapper.framework; includeInIndex = 0; path = Pods_RecordMapTests.framework; sourceTree = BUILT_PRODUCTS_DIR; };
		E8EFA3E7376717932BA87FD2 /* Pods-RecordMapTests.debug.xcconfig */ = {isa = PBXFileReference; includeInIndex = 1; lastKnownFileType = text.xcconfig; name = "Pods-RecordMapTests.debug.xcconfig"; path = "Pods/Target Support Files/Pods-RecordMapTests/Pods-RecordMapTests.debug.xcconfig"; sourceTree = "<group>"; };
/* End PBXFileReference section */

/* Begin PBXFrameworksBuildPhase section */
		4EF598092202AEE500B84379 /* Frameworks */ = {
			isa = PBXFrameworksBuildPhase;
			buildActionMask = 2147483647;
			files = (
				A0D1DDD6220B2A1100217344 /* RealmSwift.framework in Frameworks */,
				A0D1DDD7220B2A1100217344 /* Realm.framework in Frameworks */,
				4E3453EE2208415F007DAC66 /* FloatingPanel.framework in Frameworks */,
				4ECCBEB22202FF2F0045CE1D /* CoreLocation.framework in Frameworks */,
				4ECCBEAF2202DB4F0045CE1D /* RxAtomic.framework in Frameworks */,
				4ECCBEAD2202DB0D0045CE1D /* RxBlocking.framework in Frameworks */,
				4ECCBEA82202DA0C0045CE1D /* RxSwift.framework in Frameworks */,
				4ECCBEA92202DA0C0045CE1D /* SnapKit.framework in Frameworks */,
				4ECCBEAA2202DA0C0045CE1D /* RxCocoa.framework in Frameworks */,
				69C4786813AC9AE25A5F291E /* Pods_RecordMap.framework in Frameworks */,
			);
			runOnlyForDeploymentPostprocessing = 0;
		};
/* End PBXFrameworksBuildPhase section */

/* Begin PBXGroup section */
		1070DD829AF5EB0BBC74A00C /* Pods */ = {
			isa = PBXGroup;
			children = (
				35F10D0B8831DE68D3375DE9 /* Pods-RecordMap.debug.xcconfig */,
				CDA09C7F70FCA5E02B943640 /* Pods-RecordMap.release.xcconfig */,
				E8EFA3E7376717932BA87FD2 /* Pods-RecordMapTests.debug.xcconfig */,
				B5275EC97E9E518CCE76C1DB /* Pods-RecordMapTests.release.xcconfig */,
				E14BEF85AD4893A034AB1A66 /* Pods-RecordMapUITests.debug.xcconfig */,
				8E0C960EE10EFB43F93BE94F /* Pods-RecordMapUITests.release.xcconfig */,
			);
			name = Pods;
			sourceTree = "<group>";
		};
		4EBA460B22041BDB00AB71B1 /* View */ = {
			isa = PBXGroup;
			children = (
				4EBA460E22041C1B00AB71B1 /* PromoteView.swift */,
				A01C0A78220F5FBA00C46D79 /* SemiModalTableViewHeader.swift */,
				4E5C52F8220C2B9600FABADB /* SemiModalTableViewCell.swift */,
			);
			path = View;
			sourceTree = "<group>";
		};
		4EBA461022041C2100AB71B1 /* Storyboards */ = {
			isa = PBXGroup;
			children = (
				4EF598182202AEE700B84379 /* LaunchScreen.storyboard */,
				4EF598132202AEE500B84379 /* Main.storyboard */,
				4E3453F122084425007DAC66 /* SemiModal.storyboard */,
				4EE45799220966480017B9BF /* Register.storyboard */,
			);
			path = Storyboards;
			sourceTree = "<group>";
		};
		4EBA461122041C3300AB71B1 /* XIBs */ = {
			isa = PBXGroup;
			children = (
				4EBA460C22041BF800AB71B1 /* PromoteView.xib */,
				A01C0A7A220F5FCF00C46D79 /* SemiModalTableViewHeader.xib */,
				4E5C52F9220C2B9600FABADB /* SemiModalTableViewCell.xib */,
			);
			path = XIBs;
			sourceTree = "<group>";
		};
		4ECCBE862202B8170045CE1D /* UserInterface */ = {
			isa = PBXGroup;
			children = (
				4EBA461022041C2100AB71B1 /* Storyboards */,
				4EBA461122041C3300AB71B1 /* XIBs */,
			);
			path = UserInterface;
			sourceTree = "<group>";
		};
		4ECCBE872202D75A0045CE1D /* Resources */ = {
			isa = PBXGroup;
			children = (
				4EF598162202AEE700B84379 /* add 4.00.49.png */,
				4ECCBE882202D78F0045CE1D /* Strings */,
			);
			path = Resources;
			sourceTree = "<group>";
		};
		4ECCBE882202D78F0045CE1D /* Strings */ = {
			isa = PBXGroup;
			children = (
				4ECCBE892202D78F0045CE1D /* Localizable.strings */,
			);
			path = Strings;
			sourceTree = "<group>";
		};
		4ECCBE8B2202D8170045CE1D /* Units */ = {
			isa = PBXGroup;
			children = (
				4ECCBE8C2202D8230045CE1D /* Generated */,
				4EBA46122204305C00AB71B1 /* Const.swift */,
				4E5C52FC220D21D700FABADB /* RealmMigrator.swift */,
			);
			name = Units;
			path = Utils;
			sourceTree = "<group>";
		};
		4ECCBE8C2202D8230045CE1D /* Generated */ = {
			isa = PBXGroup;
			children = (
				4ECCBEA02202D99D0045CE1D /* Assets.swift */,
				4ECCBE9F2202D99D0045CE1D /* LocalizableStrings.swift */,
				4ECCBE9D2202D99D0045CE1D /* StoryboardScenes.swift */,
				4ECCBE9E2202D99D0045CE1D /* StoryboardSegues.swift */,
			);
			path = Generated;
			sourceTree = "<group>";
		};
		4ECCBEB02202FCF00045CE1D /* ViewController */ = {
			isa = PBXGroup;
			children = (
				4EF5980F2202AEE500B84379 /* AppDelegate.swift */,
				4EF598112202AEE500B84379 /* MapViewController.swift */,
				4E3453EF220843B3007DAC66 /* SemiModalViewController.swift */,
				4EE4579522094C6A0017B9BF /* RegisterViewController.swift */,
			);
			path = ViewController;
			sourceTree = "<group>";
		};
		4EE4579F220973150017B9BF /* SupportingFiles */ = {
			isa = PBXGroup;
			children = (
				4EF5981B2202AEE700B84379 /* Info.plist */,
				4EE4579D220973040017B9BF /* GoogleService-Info.plist */,
			);
			path = SupportingFiles;
			sourceTree = "<group>";
		};
		4EF598032202AEE500B84379 = {
			isa = PBXGroup;
			children = (
				4EF5980E2202AEE500B84379 /* RecordMap */,
				4EF5980D2202AEE500B84379 /* Products */,
				1070DD829AF5EB0BBC74A00C /* Pods */,
				F5C7B023E6E4A3327C3CCE29 /* Frameworks */,
			);
			sourceTree = "<group>";
		};
		4EF5980D2202AEE500B84379 /* Products */ = {
			isa = PBXGroup;
			children = (
				4EF5980C2202AEE500B84379 /* RecordMap.app */,
			);
			name = Products;
			sourceTree = "<group>";
		};
		4EF5980E2202AEE500B84379 /* RecordMap */ = {
			isa = PBXGroup;
			children = (
				4ECCBE862202B8170045CE1D /* UserInterface */,
				4ECCBEB02202FCF00045CE1D /* ViewController */,
				4EBA460B22041BDB00AB71B1 /* View */,
				A0101C62220B3472003FAF55 /* Model */,
				A0101C65220B4134003FAF55 /* Extensions */,
				4ECCBE8B2202D8170045CE1D /* Units */,
				4ECCBE872202D75A0045CE1D /* Resources */,
				4EE4579F220973150017B9BF /* SupportingFiles */,
			);
			path = RecordMap;
			sourceTree = "<group>";
		};
		A0101C62220B3472003FAF55 /* Model */ = {
			isa = PBXGroup;
			children = (
				4E5C52FE220D225800FABADB /* RealmModel.swift */,
				A0101C63220B348B003FAF55 /* LocationModel.swift */,
			);
			path = Model;
			sourceTree = "<group>";
		};
		A0101C65220B4134003FAF55 /* Extensions */ = {
			isa = PBXGroup;
			children = (
				A0101C66220B4160003FAF55 /* RealmExtension.swift */,
			);
			path = Extensions;
			sourceTree = "<group>";
		};
		F5C7B023E6E4A3327C3CCE29 /* Frameworks */ = {
			isa = PBXGroup;
			children = (
				A0D1DDD5220B2A1100217344 /* Realm.framework */,
				A0D1DDD4220B2A1100217344 /* RealmSwift.framework */,
				4E3453ED2208415E007DAC66 /* FloatingPanel.framework */,
				4ECCBEB12202FF2F0045CE1D /* CoreLocation.framework */,
				4ECCBEAE2202DB4E0045CE1D /* RxAtomic.framework */,
				4ECCBEAC2202DB0D0045CE1D /* RxBlocking.framework */,
				4ECCBEA72202DA0C0045CE1D /* RxCocoa.framework */,
				4ECCBEA52202DA0C0045CE1D /* RxSwift.framework */,
				4ECCBEA62202DA0C0045CE1D /* SnapKit.framework */,
				5725DAE8C820FEE1556625DF /* Pods_RecordMap.framework */,
				E590D7435D935D883DECC4FD /* Pods_RecordMapTests.framework */,
				A6F6E55776D05D6AB14FE104 /* Pods_RecordMapUITests.framework */,
			);
			name = Frameworks;
			sourceTree = "<group>";
		};
/* End PBXGroup section */

/* Begin PBXNativeTarget section */
		4EF5980B2202AEE500B84379 /* RecordMap */ = {
			isa = PBXNativeTarget;
			buildConfigurationList = 4EF598342202AEE700B84379 /* Build configuration list for PBXNativeTarget "RecordMap" */;
			buildPhases = (
				23E1379477E1F57CEE281825 /* [CP] Check Pods Manifest.lock */,
				4EF598082202AEE500B84379 /* Sources */,
				4EF598092202AEE500B84379 /* Frameworks */,
				4EF5980A2202AEE500B84379 /* Resources */,
				4ECCBE842202B6350045CE1D /* Swiftlint */,
				4ECCBE852202B6460045CE1D /* SwiftGen */,
				4ECCBEAB2202DA160045CE1D /* Carthage Copy Frameworks */,
				AC29EA166DFDFEFF23F5E306 /* [CP] Embed Pods Frameworks */,
			);
			buildRules = (
			);
			dependencies = (
			);
			name = RecordMap;
			productName = RecordMap;
			productReference = 4EF5980C2202AEE500B84379 /* RecordMap.app */;
			productType = "com.apple.product-type.application";
		};
/* End PBXNativeTarget section */

/* Begin PBXProject section */
		4EF598042202AEE500B84379 /* Project object */ = {
			isa = PBXProject;
			attributes = {
				LastSwiftUpdateCheck = 1010;
				LastUpgradeCheck = 1010;
				ORGANIZATIONNAME = hisayasugita;
				TargetAttributes = {
					4EF5980B2202AEE500B84379 = {
						CreatedOnToolsVersion = 10.1;
					};
				};
			};
			buildConfigurationList = 4EF598072202AEE500B84379 /* Build configuration list for PBXProject "RecordMap" */;
			compatibilityVersion = "Xcode 9.3";
			developmentRegion = en;
			hasScannedForEncodings = 0;
			knownRegions = (
				en,
				Base,
			);
			mainGroup = 4EF598032202AEE500B84379;
			productRefGroup = 4EF5980D2202AEE500B84379 /* Products */;
			projectDirPath = "";
			projectRoot = "";
			targets = (
				4EF5980B2202AEE500B84379 /* RecordMap */,
			);
		};
/* End PBXProject section */

/* Begin PBXResourcesBuildPhase section */
		4EF5980A2202AEE500B84379 /* Resources */ = {
			isa = PBXResourcesBuildPhase;
			buildActionMask = 2147483647;
			files = (
				4E3453F222084425007DAC66 /* SemiModal.storyboard in Resources */,
				4EE4579E220973040017B9BF /* GoogleService-Info.plist in Resources */,
				4EF5981A2202AEE700B84379 /* LaunchScreen.storyboard in Resources */,
				4ECCBE8A2202D78F0045CE1D /* Localizable.strings in Resources */,
				A01C0A7B220F5FCF00C46D79 /* SemiModalTableViewHeader.xib in Resources */,
				4EF598172202AEE700B84379 /* add 4.00.49.png in Resources */,
				4E5C52FB220C2B9600FABADB /* SemiModalTableViewCell.xib in Resources */,
				4EF598152202AEE500B84379 /* Main.storyboard in Resources */,
				4EE4579A220966480017B9BF /* Register.storyboard in Resources */,
				4EBA460D22041BF800AB71B1 /* PromoteView.xib in Resources */,
			);
			runOnlyForDeploymentPostprocessing = 0;
		};
/* End PBXResourcesBuildPhase section */

/* Begin PBXShellScriptBuildPhase section */
		23E1379477E1F57CEE281825 /* [CP] Check Pods Manifest.lock */ = {
			isa = PBXShellScriptBuildPhase;
			buildActionMask = 2147483647;
			files = (
			);
			inputFileListPaths = (
			);
			inputPaths = (
				"${PODS_PODFILE_DIR_PATH}/Podfile.lock",
				"${PODS_ROOT}/Manifest.lock",
			);
			name = "[CP] Check Pods Manifest.lock";
			outputFileListPaths = (
			);
			outputPaths = (
				"$(DERIVED_FILE_DIR)/Pods-RecordMap-checkManifestLockResult.txt",
			);
			runOnlyForDeploymentPostprocessing = 0;
			shellPath = /bin/sh;
			shellScript = "diff \"${PODS_PODFILE_DIR_PATH}/Podfile.lock\" \"${PODS_ROOT}/Manifest.lock\" > /dev/null\nif [ $? != 0 ] ; then\n    # print error to STDERR\n    echo \"error: The sandbox is not in sync with the Podfile.lock. Run 'pod install' or update your CocoaPods installation.\" >&2\n    exit 1\nfi\n# This output is used by Xcode 'outputs' to avoid re-running this script phase.\necho \"SUCCESS\" > \"${SCRIPT_OUTPUT_FILE_0}\"\n";
			showEnvVarsInLog = 0;
		};
		4ECCBE842202B6350045CE1D /* Swiftlint */ = {
			isa = PBXShellScriptBuildPhase;
			buildActionMask = 2147483647;
			files = (
			);
			inputFileListPaths = (
			);
			inputPaths = (
			);
			name = Swiftlint;
			outputFileListPaths = (
			);
			outputPaths = (
			);
			runOnlyForDeploymentPostprocessing = 0;
			shellPath = /bin/sh;
			shellScript = "if which \"${PODS_ROOT}/SwiftLint/swiftlint\" >/dev/null; then\n\"${PODS_ROOT}/SwiftLint/swiftlint\"\nelse\necho \"SwiftLint does not exist, download from https://github.com/realm/SwiftLint\"\nfi\n";
		};
		4ECCBE852202B6460045CE1D /* SwiftGen */ = {
			isa = PBXShellScriptBuildPhase;
			buildActionMask = 2147483647;
			files = (
			);
			inputFileListPaths = (
			);
			inputPaths = (
			);
			name = SwiftGen;
			outputFileListPaths = (
			);
			outputPaths = (
				"$(SRCROOT)/RecordMap/Utils/Generated/LocalizableStrings.swift",
				"$(SRCROOT)/RecordMap/Utils/Generated/StoryboardScenes.swift ",
				"$(SRCROOT)/RecordMap/Utils/Generated/StoryboardSegues.swift\n",
				"$(SRCROOT)/RecordMap/Utils/Generated/Assets.swift\n",
			);
			runOnlyForDeploymentPostprocessing = 0;
			shellPath = /bin/sh;
			shellScript = "$PODS_ROOT/SwiftGen/bin/swiftgen\n";
		};
		4ECCBEAB2202DA160045CE1D /* Carthage Copy Frameworks */ = {
			isa = PBXShellScriptBuildPhase;
			buildActionMask = 2147483647;
			files = (
			);
			inputFileListPaths = (
			);
			inputPaths = (
				"$(SRCROOT)/Carthage/Build/iOS/RxCocoa.framework",
				"$(SRCROOT)/Carthage/Build/iOS/RxSwift.framework",
				"$(SRCROOT)/Carthage/Build/iOS/SnapKit.framework",
				"$(SRCROOT)/Carthage/Build/iOS/RxBlocking.framework",
				"$(SRCROOT)/Carthage/Build/iOS/RxAtomic.framework",
				"$(SRCROOT)/Carthage/Build/iOS/FloatingPanel.framework",
				"$(SRCROOT)/Carthage/Build/iOS/Realm.framework",
				"$(SRCROOT)/Carthage/Build/iOS/RealmSwift.framework",
			);
			name = "Carthage Copy Frameworks";
			outputFileListPaths = (
			);
			outputPaths = (
			);
			runOnlyForDeploymentPostprocessing = 0;
			shellPath = /bin/sh;
			shellScript = "/usr/local/bin/carthage copy-frameworks\n";
		};
		AC29EA166DFDFEFF23F5E306 /* [CP] Embed Pods Frameworks */ = {
			isa = PBXShellScriptBuildPhase;
			buildActionMask = 2147483647;
			files = (
			);
			inputFileListPaths = (
			);
			inputPaths = (
				"${SRCROOT}/Pods/Target Support Files/Pods-RecordMap/Pods-RecordMap-frameworks.sh",
				"${BUILT_PRODUCTS_DIR}/Reusable/Reusable.framework",
			);
			name = "[CP] Embed Pods Frameworks";
			outputFileListPaths = (
			);
			outputPaths = (
				"${TARGET_BUILD_DIR}/${FRAMEWORKS_FOLDER_PATH}/Reusable.framework",
			);
			runOnlyForDeploymentPostprocessing = 0;
			shellPath = /bin/sh;
			shellScript = "\"${SRCROOT}/Pods/Target Support Files/Pods-RecordMap/Pods-RecordMap-frameworks.sh\"\n";
			showEnvVarsInLog = 0;
		};
/* End PBXShellScriptBuildPhase section */

/* Begin PBXSourcesBuildPhase section */
		4EF598082202AEE500B84379 /* Sources */ = {
			isa = PBXSourcesBuildPhase;
			buildActionMask = 2147483647;
			files = (
				A01C0A79220F5FBA00C46D79 /* SemiModalTableViewHeader.swift in Sources */,
				4E3453F0220843B3007DAC66 /* SemiModalViewController.swift in Sources */,
				A0101C64220B348B003FAF55 /* LocationModel.swift in Sources */,
				4E5C52FD220D21D700FABADB /* RealmMigrator.swift in Sources */,
				4EF598122202AEE500B84379 /* MapViewController.swift in Sources */,
				4EF598102202AEE500B84379 /* AppDelegate.swift in Sources */,
				4EBA460F22041C1B00AB71B1 /* PromoteView.swift in Sources */,
				4ECCBEA42202D99D0045CE1D /* Assets.swift in Sources */,
				4ECCBEA32202D99D0045CE1D /* LocalizableStrings.swift in Sources */,
				4EE4579622094C6A0017B9BF /* RegisterViewController.swift in Sources */,
				4E5C52FA220C2B9600FABADB /* SemiModalTableViewCell.swift in Sources */,
				4EBA46132204305C00AB71B1 /* Const.swift in Sources */,
				A0101C67220B4160003FAF55 /* RealmExtension.swift in Sources */,
				4ECCBEA22202D99D0045CE1D /* StoryboardSegues.swift in Sources */,
				4E5C52FF220D225800FABADB /* RealmModel.swift in Sources */,
				4ECCBEA12202D99D0045CE1D /* StoryboardScenes.swift in Sources */,
			);
			runOnlyForDeploymentPostprocessing = 0;
		};
/* End PBXSourcesBuildPhase section */

/* Begin PBXVariantGroup section */
		4EF598132202AEE500B84379 /* Main.storyboard */ = {
			isa = PBXVariantGroup;
			children = (
				4EF598142202AEE500B84379 /* Base */,
			);
			name = Main.storyboard;
			sourceTree = "<group>";
		};
		4EF598182202AEE700B84379 /* LaunchScreen.storyboard */ = {
			isa = PBXVariantGroup;
			children = (
				4EF598192202AEE700B84379 /* Base */,
			);
			name = LaunchScreen.storyboard;
			sourceTree = "<group>";
		};
/* End PBXVariantGroup section */

/* Begin XCBuildConfiguration section */
		4EF598322202AEE700B84379 /* Debug */ = {
			isa = XCBuildConfiguration;
			baseConfigurationReference = 35F10D0B8831DE68D3375DE9 /* Pods-RecordMap.debug.xcconfig */;
			buildSettings = {
				ALWAYS_SEARCH_USER_PATHS = NO;
				CLANG_ANALYZER_NONNULL = YES;
				CLANG_ANALYZER_NUMBER_OBJECT_CONVERSION = YES_AGGRESSIVE;
				CLANG_CXX_LANGUAGE_STANDARD = "gnu++14";
				CLANG_CXX_LIBRARY = "libc++";
				CLANG_ENABLE_MODULES = YES;
				CLANG_ENABLE_OBJC_ARC = YES;
				CLANG_ENABLE_OBJC_WEAK = YES;
				CLANG_WARN_BLOCK_CAPTURE_AUTORELEASING = YES;
				CLANG_WARN_BOOL_CONVERSION = YES;
				CLANG_WARN_COMMA = YES;
				CLANG_WARN_CONSTANT_CONVERSION = YES;
				CLANG_WARN_DEPRECATED_OBJC_IMPLEMENTATIONS = YES;
				CLANG_WARN_DIRECT_OBJC_ISA_USAGE = YES_ERROR;
				CLANG_WARN_DOCUMENTATION_COMMENTS = YES;
				CLANG_WARN_EMPTY_BODY = YES;
				CLANG_WARN_ENUM_CONVERSION = YES;
				CLANG_WARN_INFINITE_RECURSION = YES;
				CLANG_WARN_INT_CONVERSION = YES;
				CLANG_WARN_NON_LITERAL_NULL_CONVERSION = YES;
				CLANG_WARN_OBJC_IMPLICIT_RETAIN_SELF = YES;
				CLANG_WARN_OBJC_LITERAL_CONVERSION = YES;
				CLANG_WARN_OBJC_ROOT_CLASS = YES_ERROR;
				CLANG_WARN_RANGE_LOOP_ANALYSIS = YES;
				CLANG_WARN_STRICT_PROTOTYPES = YES;
				CLANG_WARN_SUSPICIOUS_MOVE = YES;
				CLANG_WARN_UNGUARDED_AVAILABILITY = YES_AGGRESSIVE;
				CLANG_WARN_UNREACHABLE_CODE = YES;
				CLANG_WARN__DUPLICATE_METHOD_MATCH = YES;
				CODE_SIGN_IDENTITY = "iPhone Developer";
				COPY_PHASE_STRIP = NO;
				DEBUG_INFORMATION_FORMAT = dwarf;
				ENABLE_STRICT_OBJC_MSGSEND = YES;
				ENABLE_TESTABILITY = YES;
				GCC_C_LANGUAGE_STANDARD = gnu11;
				GCC_DYNAMIC_NO_PIC = NO;
				GCC_NO_COMMON_BLOCKS = YES;
				GCC_OPTIMIZATION_LEVEL = 0;
				GCC_PREPROCESSOR_DEFINITIONS = (
					"DEBUG=1",
					"$(inherited)",
				);
				GCC_WARN_64_TO_32_BIT_CONVERSION = YES;
				GCC_WARN_ABOUT_RETURN_TYPE = YES_ERROR;
				GCC_WARN_UNDECLARED_SELECTOR = YES;
				GCC_WARN_UNINITIALIZED_AUTOS = YES_AGGRESSIVE;
				GCC_WARN_UNUSED_FUNCTION = YES;
				GCC_WARN_UNUSED_VARIABLE = YES;
				IPHONEOS_DEPLOYMENT_TARGET = 11.4;
				MTL_ENABLE_DEBUG_INFO = INCLUDE_SOURCE;
				MTL_FAST_MATH = YES;
				ONLY_ACTIVE_ARCH = YES;
				SDKROOT = iphoneos;
				SWIFT_ACTIVE_COMPILATION_CONDITIONS = DEBUG;
				SWIFT_OPTIMIZATION_LEVEL = "-Onone";
			};
			name = Debug;
		};
		4EF598332202AEE700B84379 /* Release */ = {
			isa = XCBuildConfiguration;
			baseConfigurationReference = CDA09C7F70FCA5E02B943640 /* Pods-RecordMap.release.xcconfig */;
			buildSettings = {
				ALWAYS_SEARCH_USER_PATHS = NO;
				CLANG_ANALYZER_NONNULL = YES;
				CLANG_ANALYZER_NUMBER_OBJECT_CONVERSION = YES_AGGRESSIVE;
				CLANG_CXX_LANGUAGE_STANDARD = "gnu++14";
				CLANG_CXX_LIBRARY = "libc++";
				CLANG_ENABLE_MODULES = YES;
				CLANG_ENABLE_OBJC_ARC = YES;
				CLANG_ENABLE_OBJC_WEAK = YES;
				CLANG_WARN_BLOCK_CAPTURE_AUTORELEASING = YES;
				CLANG_WARN_BOOL_CONVERSION = YES;
				CLANG_WARN_COMMA = YES;
				CLANG_WARN_CONSTANT_CONVERSION = YES;
				CLANG_WARN_DEPRECATED_OBJC_IMPLEMENTATIONS = YES;
				CLANG_WARN_DIRECT_OBJC_ISA_USAGE = YES_ERROR;
				CLANG_WARN_DOCUMENTATION_COMMENTS = YES;
				CLANG_WARN_EMPTY_BODY = YES;
				CLANG_WARN_ENUM_CONVERSION = YES;
				CLANG_WARN_INFINITE_RECURSION = YES;
				CLANG_WARN_INT_CONVERSION = YES;
				CLANG_WARN_NON_LITERAL_NULL_CONVERSION = YES;
				CLANG_WARN_OBJC_IMPLICIT_RETAIN_SELF = YES;
				CLANG_WARN_OBJC_LITERAL_CONVERSION = YES;
				CLANG_WARN_OBJC_ROOT_CLASS = YES_ERROR;
				CLANG_WARN_RANGE_LOOP_ANALYSIS = YES;
				CLANG_WARN_STRICT_PROTOTYPES = YES;
				CLANG_WARN_SUSPICIOUS_MOVE = YES;
				CLANG_WARN_UNGUARDED_AVAILABILITY = YES_AGGRESSIVE;
				CLANG_WARN_UNREACHABLE_CODE = YES;
				CLANG_WARN__DUPLICATE_METHOD_MATCH = YES;
				CODE_SIGN_IDENTITY = "iPhone Developer";
				COPY_PHASE_STRIP = NO;
				DEBUG_INFORMATION_FORMAT = "dwarf-with-dsym";
				ENABLE_NS_ASSERTIONS = NO;
				ENABLE_STRICT_OBJC_MSGSEND = YES;
				GCC_C_LANGUAGE_STANDARD = gnu11;
				GCC_NO_COMMON_BLOCKS = YES;
				GCC_WARN_64_TO_32_BIT_CONVERSION = YES;
				GCC_WARN_ABOUT_RETURN_TYPE = YES_ERROR;
				GCC_WARN_UNDECLARED_SELECTOR = YES;
				GCC_WARN_UNINITIALIZED_AUTOS = YES_AGGRESSIVE;
				GCC_WARN_UNUSED_FUNCTION = YES;
				GCC_WARN_UNUSED_VARIABLE = YES;
				IPHONEOS_DEPLOYMENT_TARGET = 11.4;
				MTL_ENABLE_DEBUG_INFO = NO;
				MTL_FAST_MATH = YES;
				SDKROOT = iphoneos;
				SWIFT_COMPILATION_MODE = wholemodule;
				SWIFT_OPTIMIZATION_LEVEL = "-O";
				VALIDATE_PRODUCT = YES;
			};
			name = Release;
		};
		4EF598352202AEE700B84379 /* Debug */ = {
			isa = XCBuildConfiguration;
			baseConfigurationReference = 35F10D0B8831DE68D3375DE9 /* Pods-RecordMap.debug.xcconfig */;
			buildSettings = {
				ASSETCATALOG_COMPILER_APPICON_NAME = AppIcon;
				CODE_SIGN_STYLE = Automatic;
				DEVELOPMENT_TEAM = P55D3D23US;
				FRAMEWORK_SEARCH_PATHS = (
					"$(inherited)",
					"$(PROJECT_DIR)/Carthage/Build/iOS",
				);
				INFOPLIST_FILE = RecordMap/SupportingFiles/Info.plist;
				IPHONEOS_DEPLOYMENT_TARGET = 11.4;
				LD_RUNPATH_SEARCH_PATHS = (
					"$(inherited)",
					"@executable_path/Frameworks",
				);
				PRODUCT_BUNDLE_IDENTIFIER = com.hisayasugita.RecordMap;
				PRODUCT_NAME = "$(TARGET_NAME)";
				SWIFT_VERSION = 4.2;
				TARGETED_DEVICE_FAMILY = "1,2";
			};
			name = Debug;
		};
		4EF598362202AEE700B84379 /* Release */ = {
			isa = XCBuildConfiguration;
			baseConfigurationReference = CDA09C7F70FCA5E02B943640 /* Pods-RecordMap.release.xcconfig */;
			buildSettings = {
				ASSETCATALOG_COMPILER_APPICON_NAME = AppIcon;
				CODE_SIGN_STYLE = Automatic;
				DEVELOPMENT_TEAM = P55D3D23US;
				FRAMEWORK_SEARCH_PATHS = (
					"$(inherited)",
					"$(PROJECT_DIR)/Carthage/Build/iOS",
				);
				INFOPLIST_FILE = RecordMap/SupportingFiles/Info.plist;
				IPHONEOS_DEPLOYMENT_TARGET = 11.4;
				LD_RUNPATH_SEARCH_PATHS = (
					"$(inherited)",
					"@executable_path/Frameworks",
				);
				PRODUCT_BUNDLE_IDENTIFIER = com.hisayasugita.RecordMap;
				PRODUCT_NAME = "$(TARGET_NAME)";
				SWIFT_VERSION = 4.2;
				TARGETED_DEVICE_FAMILY = "1,2";
			};
			name = Release;
		};
/* End XCBuildConfiguration section */

/* Begin XCConfigurationList section */
		4EF598072202AEE500B84379 /* Build configuration list for PBXProject "RecordMap" */ = {
			isa = XCConfigurationList;
			buildConfigurations = (
				4EF598322202AEE700B84379 /* Debug */,
				4EF598332202AEE700B84379 /* Release */,
			);
			defaultConfigurationIsVisible = 0;
			defaultConfigurationName = Release;
		};
		4EF598342202AEE700B84379 /* Build configuration list for PBXNativeTarget "RecordMap" */ = {
			isa = XCConfigurationList;
			buildConfigurations = (
				4EF598352202AEE700B84379 /* Debug */,
				4EF598362202AEE700B84379 /* Release */,
			);
			defaultConfigurationIsVisible = 0;
			defaultConfigurationName = Release;
		};
/* End XCConfigurationList section */
	};
	rootObject = 4EF598042202AEE500B84379 /* Project object */;
}
